
Microsoft Visual Studio Solution File, Format Version 12.00
# Visual Studio 15
VisualStudioVersion = 15.0.28307.136
MinimumVisualStudioVersion = 10.0.40219.1
Project("{FAE04EC0-301F-11D3-BF4B-00C04F79EFBC}") = "Maps", "Maps\Maps.csproj", "{08C0A8C6-A2ED-4F7B-B959-0531C7ADA106}"
EndProject
Global
	GlobalSection(SolutionConfigurationPlatforms) = preSolution
		Debug|Any CPU = Debug|Any CPU
		Release|Any CPU = Release|Any CPU
	EndGlobalSection
	GlobalSection(ProjectConfigurationPlatforms) = postSolution
		{08C0A8C6-A2ED-4F7B-B959-0531C7ADA106}.Debug|Any CPU.ActiveCfg = Debug|Any CPU
		{08C0A8C6-A2ED-4F7B-B959-0531C7ADA106}.Debug|Any CPU.Build.0 = Debug|Any CPU
		{08C0A8C6-A2ED-4F7B-B959-0531C7ADA106}.Release|Any CPU.ActiveCfg = Release|Any CPU
		{08C0A8C6-A2ED-4F7B-B959-0531C7ADA106}.Release|Any CPU.Build.0 = Release|Any CPU
	EndGlobalSection
	GlobalSection(SolutionProperties) = preSolution
		HideSolutionNode = FALSE
	EndGlobalSection
	GlobalSection(ExtensibilityGlobals) = postSolution
		SolutionGuid = {AF10D3D3-0A09-4785-B89C-270B6080E154}
	EndGlobalSection
EndGlobal
